
Microsoft Visual Studio Solution File, Format Version 12.00
# Visual Studio 15
VisualStudioVersion = 15.0.28307.572
MinimumVisualStudioVersion = 10.0.40219.1
Project("{9A19103F-16F7-4668-BE54-9A1E7A4F7556}") = "BadMedicine", "BadMedicine\BadMedicine.csproj", "{7F260C4A-BD80-4A79-9AA3-A2F74B8AD767}"
EndProject
Global
	GlobalSection(SolutionConfigurationPlatforms) = preSolution
		Debug|Any CPU = Debug|Any CPU
		Release|Any CPU = Release|Any CPU
	EndGlobalSection
	GlobalSection(ProjectConfigurationPlatforms) = postSolution
		{7F260C4A-BD80-4A79-9AA3-A2F74B8AD767}.Debug|Any CPU.ActiveCfg = Debug|Any CPU
		{7F260C4A-BD80-4A79-9AA3-A2F74B8AD767}.Debug|Any CPU.Build.0 = Debug|Any CPU
		{7F260C4A-BD80-4A79-9AA3-A2F74B8AD767}.Release|Any CPU.ActiveCfg = Release|Any CPU
		{7F260C4A-BD80-4A79-9AA3-A2F74B8AD767}.Release|Any CPU.Build.0 = Release|Any CPU
	EndGlobalSection
	GlobalSection(SolutionProperties) = preSolution
		HideSolutionNode = FALSE
	EndGlobalSection
	GlobalSection(ExtensibilityGlobals) = postSolution
		SolutionGuid = {6E347774-59A5-4DC8-ABAB-BF53CD2EC40A}
	EndGlobalSection
EndGlobal
